
Microsoft Visual Studio Solution File, Format Version 12.00
# Visual Studio Version 17
VisualStudioVersion = 17.4.33213.308
MinimumVisualStudioVersion = 10.0.40219.1
Project("{FAE04EC0-301F-11D3-BF4B-00C04F79EFBC}") = "Ders17_Sınav", "Ders17_Sınav\Ders17_Sınav.csproj", "{AA5EFA90-C0D1-4125-A773-06165A18B40D}"
EndProject
Global
	GlobalSection(SolutionConfigurationPlatforms) = preSolution
		Debug|Any CPU = Debug|Any CPU
		Release|Any CPU = Release|Any CPU
	EndGlobalSection
	GlobalSection(ProjectConfigurationPlatforms) = postSolution
		{AA5EFA90-C0D1-4125-A773-06165A18B40D}.Debug|Any CPU.ActiveCfg = Debug|Any CPU
		{AA5EFA90-C0D1-4125-A773-06165A18B40D}.Debug|Any CPU.Build.0 = Debug|Any CPU
		{AA5EFA90-C0D1-4125-A773-06165A18B40D}.Release|Any CPU.ActiveCfg = Release|Any CPU
		{AA5EFA90-C0D1-4125-A773-06165A18B40D}.Release|Any CPU.Build.0 = Release|Any CPU
	EndGlobalSection
	GlobalSection(SolutionProperties) = preSolution
		HideSolutionNode = FALSE
	EndGlobalSection
	GlobalSection(ExtensibilityGlobals) = postSolution
		SolutionGuid = {B0C37610-2F4C-4E79-86BE-340022627306}
	EndGlobalSection
EndGlobal
